
Microsoft Visual Studio Solution File, Format Version 12.00
# Visual Studio Version 17
VisualStudioVersion = 17.9.34622.214
MinimumVisualStudioVersion = 10.0.40219.1
Project("{FAE04EC0-301F-11D3-BF4B-00C04F79EFBC}") = "WebApplication1", "WebApplication1.csproj", "{A7F361DD-6911-4A67-9EAF-769ADBF27AFE}"
EndProject
Global
	GlobalSection(SolutionConfigurationPlatforms) = preSolution
		Debug|Any CPU = Debug|Any CPU
		Release|Any CPU = Release|Any CPU
	EndGlobalSection
	GlobalSection(ProjectConfigurationPlatforms) = postSolution
		{A7F361DD-6911-4A67-9EAF-769ADBF27AFE}.Debug|Any CPU.ActiveCfg = Debug|Any CPU
		{A7F361DD-6911-4A67-9EAF-769ADBF27AFE}.Debug|Any CPU.Build.0 = Debug|Any CPU
		{A7F361DD-6911-4A67-9EAF-769ADBF27AFE}.Release|Any CPU.ActiveCfg = Release|Any CPU
		{A7F361DD-6911-4A67-9EAF-769ADBF27AFE}.Release|Any CPU.Build.0 = Release|Any CPU
	EndGlobalSection
	GlobalSection(SolutionProperties) = preSolution
		HideSolutionNode = FALSE
	EndGlobalSection
	GlobalSection(ExtensibilityGlobals) = postSolution
		SolutionGuid = {8688908D-AD79-4FFD-8BB8-DF85AE2DE398}
	EndGlobalSection
EndGlobal
